<Solution>
  <Folder Name="/src/">
    <Project Path="src/ApiGateway/ApiGateway.csproj" />
    <Project Path="src/CampaignService/CampaignService.csproj" />
    <Project Path="src/OrderService/OrderService.csproj" />
    <Project Path="src/RelayWorker/RelayWorker.csproj" />
    <Project Path="src/Shared.Contracts/Shared.Contracts.csproj" />
  </Folder>
</Solution>
